
Microsoft Visual Studio Solution File, Format Version 12.00
# Visual Studio Version 17
VisualStudioVersion = 17.2.32616.157
MinimumVisualStudioVersion = 10.0.40219.1
Project("{FAE04EC0-301F-11D3-BF4B-00C04F79EFBC}") = "MARI_FATTURE", "MARI_FATTURE\MARI_FATTURE.csproj", "{903605CD-DA8C-4400-BB83-2BC9DDBD3728}"
EndProject
Global
	GlobalSection(SolutionConfigurationPlatforms) = preSolution
		Debug|Any CPU = Debug|Any CPU
		Release|Any CPU = Release|Any CPU
	EndGlobalSection
	GlobalSection(ProjectConfigurationPlatforms) = postSolution
		{903605CD-DA8C-4400-BB83-2BC9DDBD3728}.Debug|Any CPU.ActiveCfg = Debug|Any CPU
		{903605CD-DA8C-4400-BB83-2BC9DDBD3728}.Debug|Any CPU.Build.0 = Debug|Any CPU
		{903605CD-DA8C-4400-BB83-2BC9DDBD3728}.Release|Any CPU.ActiveCfg = Release|Any CPU
		{903605CD-DA8C-4400-BB83-2BC9DDBD3728}.Release|Any CPU.Build.0 = Release|Any CPU
	EndGlobalSection
	GlobalSection(SolutionProperties) = preSolution
		HideSolutionNode = FALSE
	EndGlobalSection
	GlobalSection(ExtensibilityGlobals) = postSolution
		SolutionGuid = {80E551B6-E827-4F03-9F49-9A95C779BC2E}
	EndGlobalSection
EndGlobal
