
Microsoft Visual Studio Solution File, Format Version 12.00
# Visual Studio Version 17
VisualStudioVersion = 17.2.32616.157
MinimumVisualStudioVersion = 10.0.40219.1
Project("{FAE04EC0-301F-11D3-BF4B-00C04F79EFBC}") = "Mari", "Mari\Mari.csproj", "{AF0925A4-1A7D-4844-B5F2-77BC969C52CF}"
EndProject
Global
	GlobalSection(SolutionConfigurationPlatforms) = preSolution
		Debug|Any CPU = Debug|Any CPU
		Release|Any CPU = Release|Any CPU
	EndGlobalSection
	GlobalSection(ProjectConfigurationPlatforms) = postSolution
		{AF0925A4-1A7D-4844-B5F2-77BC969C52CF}.Debug|Any CPU.ActiveCfg = Debug|Any CPU
		{AF0925A4-1A7D-4844-B5F2-77BC969C52CF}.Debug|Any CPU.Build.0 = Debug|Any CPU
		{AF0925A4-1A7D-4844-B5F2-77BC969C52CF}.Release|Any CPU.ActiveCfg = Release|Any CPU
		{AF0925A4-1A7D-4844-B5F2-77BC969C52CF}.Release|Any CPU.Build.0 = Release|Any CPU
	EndGlobalSection
	GlobalSection(SolutionProperties) = preSolution
		HideSolutionNode = FALSE
	EndGlobalSection
	GlobalSection(ExtensibilityGlobals) = postSolution
		SolutionGuid = {9C9D5F73-6E45-4D51-A5C1-CC81D012AD8E}
	EndGlobalSection
EndGlobal
