
Microsoft Visual Studio Solution File, Format Version 12.00
# Visual Studio Version 17
VisualStudioVersion = 17.2.32519.379
MinimumVisualStudioVersion = 10.0.40219.1
Project("{FAE04EC0-301F-11D3-BF4B-00C04F79EFBC}") = "STRUKT", "STRUKT\STRUKT.csproj", "{A9E98042-515D-49CA-B27F-1CAAE6CCEA92}"
EndProject
Global
	GlobalSection(SolutionConfigurationPlatforms) = preSolution
		Debug|Any CPU = Debug|Any CPU
		Release|Any CPU = Release|Any CPU
	EndGlobalSection
	GlobalSection(ProjectConfigurationPlatforms) = postSolution
		{A9E98042-515D-49CA-B27F-1CAAE6CCEA92}.Debug|Any CPU.ActiveCfg = Debug|Any CPU
		{A9E98042-515D-49CA-B27F-1CAAE6CCEA92}.Debug|Any CPU.Build.0 = Debug|Any CPU
		{A9E98042-515D-49CA-B27F-1CAAE6CCEA92}.Release|Any CPU.ActiveCfg = Release|Any CPU
		{A9E98042-515D-49CA-B27F-1CAAE6CCEA92}.Release|Any CPU.Build.0 = Release|Any CPU
	EndGlobalSection
	GlobalSection(SolutionProperties) = preSolution
		HideSolutionNode = FALSE
	EndGlobalSection
	GlobalSection(ExtensibilityGlobals) = postSolution
		SolutionGuid = {48D63FC6-2573-4308-84D1-1461F6ECB9E9}
	EndGlobalSection
EndGlobal
