
Microsoft Visual Studio Solution File, Format Version 12.00
# Visual Studio Version 17
VisualStudioVersion = 17.2.32616.157
MinimumVisualStudioVersion = 10.0.40219.1
Project("{FAE04EC0-301F-11D3-BF4B-00C04F79EFBC}") = "Mari_Poligono", "Mari_Poligono\Mari_Poligono.csproj", "{B255D330-6926-4700-8729-1BB3A951858F}"
EndProject
Global
	GlobalSection(SolutionConfigurationPlatforms) = preSolution
		Debug|Any CPU = Debug|Any CPU
		Release|Any CPU = Release|Any CPU
	EndGlobalSection
	GlobalSection(ProjectConfigurationPlatforms) = postSolution
		{B255D330-6926-4700-8729-1BB3A951858F}.Debug|Any CPU.ActiveCfg = Debug|Any CPU
		{B255D330-6926-4700-8729-1BB3A951858F}.Debug|Any CPU.Build.0 = Debug|Any CPU
		{B255D330-6926-4700-8729-1BB3A951858F}.Release|Any CPU.ActiveCfg = Release|Any CPU
		{B255D330-6926-4700-8729-1BB3A951858F}.Release|Any CPU.Build.0 = Release|Any CPU
	EndGlobalSection
	GlobalSection(SolutionProperties) = preSolution
		HideSolutionNode = FALSE
	EndGlobalSection
	GlobalSection(ExtensibilityGlobals) = postSolution
		SolutionGuid = {D659D111-286C-4E60-9551-0FD196D472CB}
	EndGlobalSection
EndGlobal
